
Microsoft Visual Studio Solution File, Format Version 12.00
# Visual Studio Version 17
VisualStudioVersion = 17.4.33122.133
MinimumVisualStudioVersion = 10.0.40219.1
Project("{D954291E-2A0B-460D-934E-DC6B0785DB48}") = "App1.Shared", "App1\App1.Shared\App1.Shared.shproj", "{6279C845-92F8-4333-AB99-3D213163593C}"
EndProject
Project("{2150E333-8FDC-42A3-9474-1A3956D46DE8}") = "Platforms", "Platforms", "{15F5B356-C725-40BC-B8EF-4125EDBF36C5}"
EndProject
Project("{FAE04EC0-301F-11D3-BF4B-00C04F79EFBC}") = "App1.Droid", "App1\App1.Droid\App1.Droid.csproj", "{88445E7A-DBFF-44C3-A824-8BD3727A3F93}"
EndProject
Project("{FAE04EC0-301F-11D3-BF4B-00C04F79EFBC}") = "App1.iOS", "App1\App1.iOS\App1.iOS.csproj", "{13E3451D-82D3-4890-9337-1DFFC04A3514}"
EndProject
Project("{FAE04EC0-301F-11D3-BF4B-00C04F79EFBC}") = "App1.UWP", "App1\App1.UWP\App1.UWP.csproj", "{337B1EA6-38E8-41D7-9100-35134A58AFEB}"
EndProject
Project("{FAE04EC0-301F-11D3-BF4B-00C04F79EFBC}") = "App1.Wasm", "App1\App1.Wasm\App1.Wasm.csproj", "{75338BDB-BAA7-4B83-99B8-BDDFEC50F9BA}"
EndProject
Project("{FAE04EC0-301F-11D3-BF4B-00C04F79EFBC}") = "App1.macOS", "App1\App1.macOS\App1.macOS.csproj", "{81031969-86B7-45B7-A66E-17AEBFC5349D}"
EndProject
Project("{FAE04EC0-301F-11D3-BF4B-00C04F79EFBC}") = "App1.Skia.Wpf.Host", "App1\App1.Skia.Wpf.Host\App1.Skia.Wpf.Host.csproj", "{F8E3998E-B2A1-4CDB-9081-CE2307D052E4}"
EndProject
Project("{FAE04EC0-301F-11D3-BF4B-00C04F79EFBC}") = "App1.Skia.Wpf", "App1\App1.Skia.Wpf\App1.Skia.Wpf.csproj", "{7ECDA7DF-49ED-45F3-8F70-7161D04C408F}"
EndProject
Project("{FAE04EC0-301F-11D3-BF4B-00C04F79EFBC}") = "App1.Skia.Gtk", "App1\App1.Skia.Gtk\App1.Skia.Gtk.csproj", "{A507CF58-74CB-47E6-8C5B-825631644DE0}"
EndProject
Project("{FAE04EC0-301F-11D3-BF4B-00C04F79EFBC}") = "App1.Skia.Tizen", "App1\App1.Skia.Tizen\App1.Skia.Tizen.csproj", "{D96C84C7-3899-47FB-B959-F6F423FE8557}"
EndProject
Global
	GlobalSection(SolutionConfigurationPlatforms) = preSolution
		Ad-Hoc|Any CPU = Ad-Hoc|Any CPU
		Ad-Hoc|ARM = Ad-Hoc|ARM
		Ad-Hoc|ARM64 = Ad-Hoc|ARM64
		Ad-Hoc|iPhone = Ad-Hoc|iPhone
		Ad-Hoc|iPhoneSimulator = Ad-Hoc|iPhoneSimulator
		Ad-Hoc|x64 = Ad-Hoc|x64
		Ad-Hoc|x86 = Ad-Hoc|x86
		AppStore|Any CPU = AppStore|Any CPU
		AppStore|ARM = AppStore|ARM
		AppStore|ARM64 = AppStore|ARM64
		AppStore|iPhone = AppStore|iPhone
		AppStore|iPhoneSimulator = AppStore|iPhoneSimulator
		AppStore|x64 = AppStore|x64
		AppStore|x86 = AppStore|x86
		Debug|Any CPU = Debug|Any CPU
		Debug|ARM = Debug|ARM
		Debug|ARM64 = Debug|ARM64
		Debug|iPhone = Debug|iPhone
		Debug|iPhoneSimulator = Debug|iPhoneSimulator
		Debug|x64 = Debug|x64
		Debug|x86 = Debug|x86
		Release|Any CPU = Release|Any CPU
		Release|ARM = Release|ARM
		Release|ARM64 = Release|ARM64
		Release|iPhone = Release|iPhone
		Release|iPhoneSimulator = Release|iPhoneSimulator
		Release|x64 = Release|x64
		Release|x86 = Release|x86
	EndGlobalSection
	GlobalSection(ProjectConfigurationPlatforms) = postSolution
		{88445E7A-DBFF-44C3-A824-8BD3727A3F93}.Ad-Hoc|Any CPU.ActiveCfg = Debug|Any CPU
		{88445E7A-DBFF-44C3-A824-8BD3727A3F93}.Ad-Hoc|Any CPU.Build.0 = Debug|Any CPU
		{88445E7A-DBFF-44C3-A824-8BD3727A3F93}.Ad-Hoc|Any CPU.Deploy.0 = Debug|Any CPU
		{88445E7A-DBFF-44C3-A824-8BD3727A3F93}.Ad-Hoc|ARM.ActiveCfg = Debug|Any CPU
		{88445E7A-DBFF-44C3-A824-8BD3727A3F93}.Ad-Hoc|ARM.Build.0 = Debug|Any CPU
		{88445E7A-DBFF-44C3-A824-8BD3727A3F93}.Ad-Hoc|ARM.Deploy.0 = Debug|Any CPU
		{88445E7A-DBFF-44C3-A824-8BD3727A3F93}.Ad-Hoc|ARM64.ActiveCfg = Debug|Any CPU
		{88445E7A-DBFF-44C3-A824-8BD3727A3F93}.Ad-Hoc|ARM64.Build.0 = Debug|Any CPU
		{88445E7A-DBFF-44C3-A824-8BD3727A3F93}.Ad-Hoc|ARM64.Deploy.0 = Debug|Any CPU
		{88445E7A-DBFF-44C3-A824-8BD3727A3F93}.Ad-Hoc|iPhone.ActiveCfg = Debug|Any CPU
		{88445E7A-DBFF-44C3-A824-8BD3727A3F93}.Ad-Hoc|iPhone.Build.0 = Debug|Any CPU
		{88445E7A-DBFF-44C3-A824-8BD3727A3F93}.Ad-Hoc|iPhone.Deploy.0 = Debug|Any CPU
		{88445E7A-DBFF-44C3-A824-8BD3727A3F93}.Ad-Hoc|iPhoneSimulator.ActiveCfg = Debug|Any CPU
		{88445E7A-DBFF-44C3-A824-8BD3727A3F93}.Ad-Hoc|iPhoneSimulator.Build.0 = Debug|Any CPU
		{88445E7A-DBFF-44C3-A824-8BD3727A3F93}.Ad-Hoc|iPhoneSimulator.Deploy.0 = Debug|Any CPU
		{88445E7A-DBFF-44C3-A824-8BD3727A3F93}.Ad-Hoc|x64.ActiveCfg = Debug|Any CPU
		{88445E7A-DBFF-44C3-A824-8BD3727A3F93}.Ad-Hoc|x64.Build.0 = Debug|Any CPU
		{88445E7A-DBFF-44C3-A824-8BD3727A3F93}.Ad-Hoc|x64.Deploy.0 = Debug|Any CPU
		{88445E7A-DBFF-44C3-A824-8BD3727A3F93}.Ad-Hoc|x86.ActiveCfg = Debug|Any CPU
		{88445E7A-DBFF-44C3-A824-8BD3727A3F93}.Ad-Hoc|x86.Build.0 = Debug|Any CPU
		{88445E7A-DBFF-44C3-A824-8BD3727A3F93}.Ad-Hoc|x86.Deploy.0 = Debug|Any CPU
		{88445E7A-DBFF-44C3-A824-8BD3727A3F93}.AppStore|Any CPU.ActiveCfg = Debug|Any CPU
		{88445E7A-DBFF-44C3-A824-8BD3727A3F93}.AppStore|Any CPU.Build.0 = Debug|Any CPU
		{88445E7A-DBFF-44C3-A824-8BD3727A3F93}.AppStore|Any CPU.Deploy.0 = Debug|Any CPU
		{88445E7A-DBFF-44C3-A824-8BD3727A3F93}.AppStore|ARM.ActiveCfg = Debug|Any CPU
		{88445E7A-DBFF-44C3-A824-8BD3727A3F93}.AppStore|ARM.Build.0 = Debug|Any CPU
		{88445E7A-DBFF-44C3-A824-8BD3727A3F93}.AppStore|ARM.Deploy.0 = Debug|Any CPU
		{88445E7A-DBFF-44C3-A824-8BD3727A3F93}.AppStore|ARM64.ActiveCfg = Debug|Any CPU
		{88445E7A-DBFF-44C3-A824-8BD3727A3F93}.AppStore|ARM64.Build.0 = Debug|Any CPU
		{88445E7A-DBFF-44C3-A824-8BD3727A3F93}.AppStore|ARM64.Deploy.0 = Debug|Any CPU
		{88445E7A-DBFF-44C3-A824-8BD3727A3F93}.AppStore|iPhone.ActiveCfg = Debug|Any CPU
		{88445E7A-DBFF-44C3-A824-8BD3727A3F93}.AppStore|iPhone.Build.0 = Debug|Any CPU
		{88445E7A-DBFF-44C3-A824-8BD3727A3F93}.AppStore|iPhone.Deploy.0 = Debug|Any CPU
		{88445E7A-DBFF-44C3-A824-8BD3727A3F93}.AppStore|iPhoneSimulator.ActiveCfg = Debug|Any CPU
		{88445E7A-DBFF-44C3-A824-8BD3727A3F93}.AppStore|iPhoneSimulator.Build.0 = Debug|Any CPU
		{88445E7A-DBFF-44C3-A824-8BD3727A3F93}.AppStore|iPhoneSimulator.Deploy.0 = Debug|Any CPU
		{88445E7A-DBFF-44C3-A824-8BD3727A3F93}.AppStore|x64.ActiveCfg = Debug|Any CPU
		{88445E7A-DBFF-44C3-A824-8BD3727A3F93}.AppStore|x64.Build.0 = Debug|Any CPU
		{88445E7A-DBFF-44C3-A824-8BD3727A3F93}.AppStore|x64.Deploy.0 = Debug|Any CPU
		{88445E7A-DBFF-44C3-A824-8BD3727A3F93}.AppStore|x86.ActiveCfg = Debug|Any CPU
		{88445E7A-DBFF-44C3-A824-8BD3727A3F93}.AppStore|x86.Build.0 = Debug|Any CPU
		{88445E7A-DBFF-44C3-A824-8BD3727A3F93}.AppStore|x86.Deploy.0 = Debug|Any CPU
		{88445E7A-DBFF-44C3-A824-8BD3727A3F93}.Debug|Any CPU.ActiveCfg = Debug|Any CPU
		{88445E7A-DBFF-44C3-A824-8BD3727A3F93}.Debug|Any CPU.Build.0 = Debug|Any CPU
		{88445E7A-DBFF-44C3-A824-8BD3727A3F93}.Debug|Any CPU.Deploy.0 = Debug|Any CPU
		{88445E7A-DBFF-44C3-A824-8BD3727A3F93}.Debug|ARM.ActiveCfg = Debug|Any CPU
		{88445E7A-DBFF-44C3-A824-8BD3727A3F93}.Debug|ARM.Build.0 = Debug|Any CPU
		{88445E7A-DBFF-44C3-A824-8BD3727A3F93}.Debug|ARM.Deploy.0 = Debug|Any CPU
		{88445E7A-DBFF-44C3-A824-8BD3727A3F93}.Debug|ARM64.ActiveCfg = Debug|Any CPU
		{88445E7A-DBFF-44C3-A824-8BD3727A3F93}.Debug|ARM64.Build.0 = Debug|Any CPU
		{88445E7A-DBFF-44C3-A824-8BD3727A3F93}.Debug|ARM64.Deploy.0 = Debug|Any CPU
		{88445E7A-DBFF-44C3-A824-8BD3727A3F93}.Debug|iPhone.ActiveCfg = Debug|Any CPU
		{88445E7A-DBFF-44C3-A824-8BD3727A3F93}.Debug|iPhone.Build.0 = Debug|Any CPU
		{88445E7A-DBFF-44C3-A824-8BD3727A3F93}.Debug|iPhone.Deploy.0 = Debug|Any CPU
		{88445E7A-DBFF-44C3-A824-8BD3727A3F93}.Debug|iPhoneSimulator.ActiveCfg = Debug|Any CPU
		{88445E7A-DBFF-44C3-A824-8BD3727A3F93}.Debug|iPhoneSimulator.Build.0 = Debug|Any CPU
		{88445E7A-DBFF-44C3-A824-8BD3727A3F93}.Debug|iPhoneSimulator.Deploy.0 = Debug|Any CPU
		{88445E7A-DBFF-44C3-A824-8BD3727A3F93}.Debug|x64.ActiveCfg = Debug|Any CPU
		{88445E7A-DBFF-44C3-A824-8BD3727A3F93}.Debug|x64.Build.0 = Debug|Any CPU
		{88445E7A-DBFF-44C3-A824-8BD3727A3F93}.Debug|x64.Deploy.0 = Debug|Any CPU
		{88445E7A-DBFF-44C3-A824-8BD3727A3F93}.Debug|x86.ActiveCfg = Debug|Any CPU
		{88445E7A-DBFF-44C3-A824-8BD3727A3F93}.Debug|x86.Build.0 = Debug|Any CPU
		{88445E7A-DBFF-44C3-A824-8BD3727A3F93}.Debug|x86.Deploy.0 = Debug|Any CPU
		{88445E7A-DBFF-44C3-A824-8BD3727A3F93}.Release|Any CPU.ActiveCfg = Release|Any CPU
		{88445E7A-DBFF-44C3-A824-8BD3727A3F93}.Release|Any CPU.Build.0 = Release|Any CPU
		{88445E7A-DBFF-44C3-A824-8BD3727A3F93}.Release|Any CPU.Deploy.0 = Release|Any CPU
		{88445E7A-DBFF-44C3-A824-8BD3727A3F93}.Release|ARM.ActiveCfg = Release|Any CPU
		{88445E7A-DBFF-44C3-A824-8BD3727A3F93}.Release|ARM.Build.0 = Release|Any CPU
		{88445E7A-DBFF-44C3-A824-8BD3727A3F93}.Release|ARM.Deploy.0 = Release|Any CPU
		{88445E7A-DBFF-44C3-A824-8BD3727A3F93}.Release|ARM64.ActiveCfg = Release|Any CPU
		{88445E7A-DBFF-44C3-A824-8BD3727A3F93}.Release|ARM64.Build.0 = Release|Any CPU
		{88445E7A-DBFF-44C3-A824-8BD3727A3F93}.Release|ARM64.Deploy.0 = Release|Any CPU
		{88445E7A-DBFF-44C3-A824-8BD3727A3F93}.Release|iPhone.ActiveCfg = Release|Any CPU
		{88445E7A-DBFF-44C3-A824-8BD3727A3F93}.Release|iPhone.Build.0 = Release|Any CPU
		{88445E7A-DBFF-44C3-A824-8BD3727A3F93}.Release|iPhone.Deploy.0 = Release|Any CPU
		{88445E7A-DBFF-44C3-A824-8BD3727A3F93}.Release|iPhoneSimulator.ActiveCfg = Release|Any CPU
		{88445E7A-DBFF-44C3-A824-8BD3727A3F93}.Release|iPhoneSimulator.Build.0 = Release|Any CPU
		{88445E7A-DBFF-44C3-A824-8BD3727A3F93}.Release|iPhoneSimulator.Deploy.0 = Release|Any CPU
		{88445E7A-DBFF-44C3-A824-8BD3727A3F93}.Release|x64.ActiveCfg = Release|Any CPU
		{88445E7A-DBFF-44C3-A824-8BD3727A3F93}.Release|x64.Build.0 = Release|Any CPU
		{88445E7A-DBFF-44C3-A824-8BD3727A3F93}.Release|x64.Deploy.0 = Release|Any CPU
		{88445E7A-DBFF-44C3-A824-8BD3727A3F93}.Release|x86.ActiveCfg = Release|Any CPU
		{88445E7A-DBFF-44C3-A824-8BD3727A3F93}.Release|x86.Build.0 = Release|Any CPU
		{88445E7A-DBFF-44C3-A824-8BD3727A3F93}.Release|x86.Deploy.0 = Release|Any CPU
		{13E3451D-82D3-4890-9337-1DFFC04A3514}.Ad-Hoc|Any CPU.ActiveCfg = Ad-Hoc|iPhoneSimulator
		{13E3451D-82D3-4890-9337-1DFFC04A3514}.Ad-Hoc|Any CPU.Build.0 = Ad-Hoc|iPhoneSimulator
		{13E3451D-82D3-4890-9337-1DFFC04A3514}.Ad-Hoc|ARM.ActiveCfg = Ad-Hoc|iPhoneSimulator
		{13E3451D-82D3-4890-9337-1DFFC04A3514}.Ad-Hoc|ARM.Build.0 = Ad-Hoc|iPhoneSimulator
		{13E3451D-82D3-4890-9337-1DFFC04A3514}.Ad-Hoc|ARM64.ActiveCfg = Ad-Hoc|iPhoneSimulator
		{13E3451D-82D3-4890-9337-1DFFC04A3514}.Ad-Hoc|ARM64.Build.0 = Ad-Hoc|iPhoneSimulator
		{13E3451D-82D3-4890-9337-1DFFC04A3514}.Ad-Hoc|iPhone.ActiveCfg = Ad-Hoc|iPhone
		{13E3451D-82D3-4890-9337-1DFFC04A3514}.Ad-Hoc|iPhone.Build.0 = Ad-Hoc|iPhone
		{13E3451D-82D3-4890-9337-1DFFC04A3514}.Ad-Hoc|iPhoneSimulator.ActiveCfg = Ad-Hoc|iPhoneSimulator
		{13E3451D-82D3-4890-9337-1DFFC04A3514}.Ad-Hoc|iPhoneSimulator.Build.0 = Ad-Hoc|iPhoneSimulator
		{13E3451D-82D3-4890-9337-1DFFC04A3514}.Ad-Hoc|x64.ActiveCfg = Ad-Hoc|iPhoneSimulator
		{13E3451D-82D3-4890-9337-1DFFC04A3514}.Ad-Hoc|x64.Build.0 = Ad-Hoc|iPhoneSimulator
		{13E3451D-82D3-4890-9337-1DFFC04A3514}.Ad-Hoc|x86.ActiveCfg = Ad-Hoc|iPhoneSimulator
		{13E3451D-82D3-4890-9337-1DFFC04A3514}.Ad-Hoc|x86.Build.0 = Ad-Hoc|iPhoneSimulator
		{13E3451D-82D3-4890-9337-1DFFC04A3514}.AppStore|Any CPU.ActiveCfg = AppStore|iPhoneSimulator
		{13E3451D-82D3-4890-9337-1DFFC04A3514}.AppStore|Any CPU.Build.0 = AppStore|iPhoneSimulator
		{13E3451D-82D3-4890-9337-1DFFC04A3514}.AppStore|ARM.ActiveCfg = AppStore|iPhoneSimulator
		{13E3451D-82D3-4890-9337-1DFFC04A3514}.AppStore|ARM.Build.0 = AppStore|iPhoneSimulator
		{13E3451D-82D3-4890-9337-1DFFC04A3514}.AppStore|ARM64.ActiveCfg = AppStore|iPhoneSimulator
		{13E3451D-82D3-4890-9337-1DFFC04A3514}.AppStore|ARM64.Build.0 = AppStore|iPhoneSimulator
		{13E3451D-82D3-4890-9337-1DFFC04A3514}.AppStore|iPhone.ActiveCfg = AppStore|iPhone
		{13E3451D-82D3-4890-9337-1DFFC04A3514}.AppStore|iPhone.Build.0 = AppStore|iPhone
		{13E3451D-82D3-4890-9337-1DFFC04A3514}.AppStore|iPhoneSimulator.ActiveCfg = AppStore|iPhoneSimulator
		{13E3451D-82D3-4890-9337-1DFFC04A3514}.AppStore|iPhoneSimulator.Build.0 = AppStore|iPhoneSimulator
		{13E3451D-82D3-4890-9337-1DFFC04A3514}.AppStore|x64.ActiveCfg = AppStore|iPhoneSimulator
		{13E3451D-82D3-4890-9337-1DFFC04A3514}.AppStore|x64.Build.0 = AppStore|iPhoneSimulator
		{13E3451D-82D3-4890-9337-1DFFC04A3514}.AppStore|x86.ActiveCfg = AppStore|iPhoneSimulator
		{13E3451D-82D3-4890-9337-1DFFC04A3514}.AppStore|x86.Build.0 = AppStore|iPhoneSimulator
		{13E3451D-82D3-4890-9337-1DFFC04A3514}.Debug|Any CPU.ActiveCfg = Debug|iPhoneSimulator
		{13E3451D-82D3-4890-9337-1DFFC04A3514}.Debug|Any CPU.Build.0 = Debug|iPhoneSimulator
		{13E3451D-82D3-4890-9337-1DFFC04A3514}.Debug|ARM.ActiveCfg = Debug|iPhoneSimulator
		{13E3451D-82D3-4890-9337-1DFFC04A3514}.Debug|ARM.Build.0 = Debug|iPhoneSimulator
		{13E3451D-82D3-4890-9337-1DFFC04A3514}.Debug|ARM64.ActiveCfg = Debug|iPhoneSimulator
		{13E3451D-82D3-4890-9337-1DFFC04A3514}.Debug|ARM64.Build.0 = Debug|iPhoneSimulator
		{13E3451D-82D3-4890-9337-1DFFC04A3514}.Debug|iPhone.ActiveCfg = Debug|iPhone
		{13E3451D-82D3-4890-9337-1DFFC04A3514}.Debug|iPhone.Build.0 = Debug|iPhone
		{13E3451D-82D3-4890-9337-1DFFC04A3514}.Debug|iPhone.Deploy.0 = Debug|iPhone
		{13E3451D-82D3-4890-9337-1DFFC04A3514}.Debug|iPhoneSimulator.ActiveCfg = Debug|iPhoneSimulator
		{13E3451D-82D3-4890-9337-1DFFC04A3514}.Debug|iPhoneSimulator.Build.0 = Debug|iPhoneSimulator
		{13E3451D-82D3-4890-9337-1DFFC04A3514}.Debug|iPhoneSimulator.Deploy.0 = Debug|iPhoneSimulator
		{13E3451D-82D3-4890-9337-1DFFC04A3514}.Debug|x64.ActiveCfg = Debug|iPhoneSimulator
		{13E3451D-82D3-4890-9337-1DFFC04A3514}.Debug|x64.Build.0 = Debug|iPhoneSimulator
		{13E3451D-82D3-4890-9337-1DFFC04A3514}.Debug|x86.ActiveCfg = Debug|iPhoneSimulator
		{13E3451D-82D3-4890-9337-1DFFC04A3514}.Debug|x86.Build.0 = Debug|iPhoneSimulator
		{13E3451D-82D3-4890-9337-1DFFC04A3514}.Release|Any CPU.ActiveCfg = Release|iPhoneSimulator
		{13E3451D-82D3-4890-9337-1DFFC04A3514}.Release|Any CPU.Build.0 = Release|iPhoneSimulator
		{13E3451D-82D3-4890-9337-1DFFC04A3514}.Release|ARM.ActiveCfg = Release|iPhoneSimulator
		{13E3451D-82D3-4890-9337-1DFFC04A3514}.Release|ARM.Build.0 = Release|iPhoneSimulator
		{13E3451D-82D3-4890-9337-1DFFC04A3514}.Release|ARM64.ActiveCfg = Release|iPhoneSimulator
		{13E3451D-82D3-4890-9337-1DFFC04A3514}.Release|ARM64.Build.0 = Release|iPhoneSimulator
		{13E3451D-82D3-4890-9337-1DFFC04A3514}.Release|iPhone.ActiveCfg = Release|iPhone
		{13E3451D-82D3-4890-9337-1DFFC04A3514}.Release|iPhone.Build.0 = Release|iPhone
		{13E3451D-82D3-4890-9337-1DFFC04A3514}.Release|iPhoneSimulator.ActiveCfg = Release|iPhoneSimulator
		{13E3451D-82D3-4890-9337-1DFFC04A3514}.Release|iPhoneSimulator.Build.0 = Release|iPhoneSimulator
		{13E3451D-82D3-4890-9337-1DFFC04A3514}.Release|x64.ActiveCfg = Release|iPhoneSimulator
		{13E3451D-82D3-4890-9337-1DFFC04A3514}.Release|x64.Build.0 = Release|iPhoneSimulator
		{13E3451D-82D3-4890-9337-1DFFC04A3514}.Release|x86.ActiveCfg = Release|iPhoneSimulator
		{13E3451D-82D3-4890-9337-1DFFC04A3514}.Release|x86.Build.0 = Release|iPhoneSimulator
		{337B1EA6-38E8-41D7-9100-35134A58AFEB}.Ad-Hoc|Any CPU.ActiveCfg = Debug|x64
		{337B1EA6-38E8-41D7-9100-35134A58AFEB}.Ad-Hoc|Any CPU.Build.0 = Debug|x64
		{337B1EA6-38E8-41D7-9100-35134A58AFEB}.Ad-Hoc|Any CPU.Deploy.0 = Debug|x64
		{337B1EA6-38E8-41D7-9100-35134A58AFEB}.Ad-Hoc|ARM.ActiveCfg = Debug|ARM
		{337B1EA6-38E8-41D7-9100-35134A58AFEB}.Ad-Hoc|ARM.Build.0 = Debug|ARM
		{337B1EA6-38E8-41D7-9100-35134A58AFEB}.Ad-Hoc|ARM.Deploy.0 = Debug|ARM
		{337B1EA6-38E8-41D7-9100-35134A58AFEB}.Ad-Hoc|ARM64.ActiveCfg = Debug|ARM64
		{337B1EA6-38E8-41D7-9100-35134A58AFEB}.Ad-Hoc|ARM64.Build.0 = Debug|ARM64
		{337B1EA6-38E8-41D7-9100-35134A58AFEB}.Ad-Hoc|ARM64.Deploy.0 = Debug|ARM64
		{337B1EA6-38E8-41D7-9100-35134A58AFEB}.Ad-Hoc|iPhone.ActiveCfg = Debug|x64
		{337B1EA6-38E8-41D7-9100-35134A58AFEB}.Ad-Hoc|iPhone.Build.0 = Debug|x64
		{337B1EA6-38E8-41D7-9100-35134A58AFEB}.Ad-Hoc|iPhone.Deploy.0 = Debug|x64
		{337B1EA6-38E8-41D7-9100-35134A58AFEB}.Ad-Hoc|iPhoneSimulator.ActiveCfg = Debug|x64
		{337B1EA6-38E8-41D7-9100-35134A58AFEB}.Ad-Hoc|iPhoneSimulator.Build.0 = Debug|x64
		{337B1EA6-38E8-41D7-9100-35134A58AFEB}.Ad-Hoc|iPhoneSimulator.Deploy.0 = Debug|x64
		{337B1EA6-38E8-41D7-9100-35134A58AFEB}.Ad-Hoc|x64.ActiveCfg = Debug|x64
		{337B1EA6-38E8-41D7-9100-35134A58AFEB}.Ad-Hoc|x64.Build.0 = Debug|x64
		{337B1EA6-38E8-41D7-9100-35134A58AFEB}.Ad-Hoc|x64.Deploy.0 = Debug|x64
		{337B1EA6-38E8-41D7-9100-35134A58AFEB}.Ad-Hoc|x86.ActiveCfg = Debug|x86
		{337B1EA6-38E8-41D7-9100-35134A58AFEB}.Ad-Hoc|x86.Build.0 = Debug|x86
		{337B1EA6-38E8-41D7-9100-35134A58AFEB}.Ad-Hoc|x86.Deploy.0 = Debug|x86
		{337B1EA6-38E8-41D7-9100-35134A58AFEB}.AppStore|Any CPU.ActiveCfg = Debug|x64
		{337B1EA6-38E8-41D7-9100-35134A58AFEB}.AppStore|Any CPU.Build.0 = Debug|x64
		{337B1EA6-38E8-41D7-9100-35134A58AFEB}.AppStore|Any CPU.Deploy.0 = Debug|x64
		{337B1EA6-38E8-41D7-9100-35134A58AFEB}.AppStore|ARM.ActiveCfg = Debug|ARM
		{337B1EA6-38E8-41D7-9100-35134A58AFEB}.AppStore|ARM.Build.0 = Debug|ARM
		{337B1EA6-38E8-41D7-9100-35134A58AFEB}.AppStore|ARM.Deploy.0 = Debug|ARM
		{337B1EA6-38E8-41D7-9100-35134A58AFEB}.AppStore|ARM64.ActiveCfg = Debug|ARM64
		{337B1EA6-38E8-41D7-9100-35134A58AFEB}.AppStore|ARM64.Build.0 = Debug|ARM64
		{337B1EA6-38E8-41D7-9100-35134A58AFEB}.AppStore|ARM64.Deploy.0 = Debug|ARM64
		{337B1EA6-38E8-41D7-9100-35134A58AFEB}.AppStore|iPhone.ActiveCfg = Debug|x64
		{337B1EA6-38E8-41D7-9100-35134A58AFEB}.AppStore|iPhone.Build.0 = Debug|x64
		{337B1EA6-38E8-41D7-9100-35134A58AFEB}.AppStore|iPhone.Deploy.0 = Debug|x64
		{337B1EA6-38E8-41D7-9100-35134A58AFEB}.AppStore|iPhoneSimulator.ActiveCfg = Debug|x64
		{337B1EA6-38E8-41D7-9100-35134A58AFEB}.AppStore|iPhoneSimulator.Build.0 = Debug|x64
		{337B1EA6-38E8-41D7-9100-35134A58AFEB}.AppStore|iPhoneSimulator.Deploy.0 = Debug|x64
		{337B1EA6-38E8-41D7-9100-35134A58AFEB}.AppStore|x64.ActiveCfg = Debug|x64
		{337B1EA6-38E8-41D7-9100-35134A58AFEB}.AppStore|x64.Build.0 = Debug|x64
		{337B1EA6-38E8-41D7-9100-35134A58AFEB}.AppStore|x64.Deploy.0 = Debug|x64
		{337B1EA6-38E8-41D7-9100-35134A58AFEB}.AppStore|x86.ActiveCfg = Debug|x86
		{337B1EA6-38E8-41D7-9100-35134A58AFEB}.AppStore|x86.Build.0 = Debug|x86
		{337B1EA6-38E8-41D7-9100-35134A58AFEB}.AppStore|x86.Deploy.0 = Debug|x86
		{337B1EA6-38E8-41D7-9100-35134A58AFEB}.Debug|Any CPU.ActiveCfg = Debug|x64
		{337B1EA6-38E8-41D7-9100-35134A58AFEB}.Debug|Any CPU.Build.0 = Debug|x64
		{337B1EA6-38E8-41D7-9100-35134A58AFEB}.Debug|Any CPU.Deploy.0 = Debug|x64
		{337B1EA6-38E8-41D7-9100-35134A58AFEB}.Debug|ARM.ActiveCfg = Debug|ARM
		{337B1EA6-38E8-41D7-9100-35134A58AFEB}.Debug|ARM.Build.0 = Debug|ARM
		{337B1EA6-38E8-41D7-9100-35134A58AFEB}.Debug|ARM.Deploy.0 = Debug|ARM
		{337B1EA6-38E8-41D7-9100-35134A58AFEB}.Debug|ARM64.ActiveCfg = Debug|ARM64
		{337B1EA6-38E8-41D7-9100-35134A58AFEB}.Debug|ARM64.Build.0 = Debug|ARM64
		{337B1EA6-38E8-41D7-9100-35134A58AFEB}.Debug|ARM64.Deploy.0 = Debug|ARM64
		{337B1EA6-38E8-41D7-9100-35134A58AFEB}.Debug|iPhone.ActiveCfg = Debug|x64
		{337B1EA6-38E8-41D7-9100-35134A58AFEB}.Debug|iPhone.Build.0 = Debug|x64
		{337B1EA6-38E8-41D7-9100-35134A58AFEB}.Debug|iPhone.Deploy.0 = Debug|x64
		{337B1EA6-38E8-41D7-9100-35134A58AFEB}.Debug|iPhoneSimulator.ActiveCfg = Debug|x64
		{337B1EA6-38E8-41D7-9100-35134A58AFEB}.Debug|iPhoneSimulator.Build.0 = Debug|x64
		{337B1EA6-38E8-41D7-9100-35134A58AFEB}.Debug|iPhoneSimulator.Deploy.0 = Debug|x64
		{337B1EA6-38E8-41D7-9100-35134A58AFEB}.Debug|x64.ActiveCfg = Debug|x64
		{337B1EA6-38E8-41D7-9100-35134A58AFEB}.Debug|x64.Build.0 = Debug|x64
		{337B1EA6-38E8-41D7-9100-35134A58AFEB}.Debug|x64.Deploy.0 = Debug|x64
		{337B1EA6-38E8-41D7-9100-35134A58AFEB}.Debug|x86.ActiveCfg = Debug|x86
		{337B1EA6-38E8-41D7-9100-35134A58AFEB}.Debug|x86.Build.0 = Debug|x86
		{337B1EA6-38E8-41D7-9100-35134A58AFEB}.Debug|x86.Deploy.0 = Debug|x86
		{337B1EA6-38E8-41D7-9100-35134A58AFEB}.Release|Any CPU.ActiveCfg = Release|x64
		{337B1EA6-38E8-41D7-9100-35134A58AFEB}.Release|Any CPU.Build.0 = Release|x64
		{337B1EA6-38E8-41D7-9100-35134A58AFEB}.Release|Any CPU.Deploy.0 = Release|x64
		{337B1EA6-38E8-41D7-9100-35134A58AFEB}.Release|ARM.ActiveCfg = Release|ARM
		{337B1EA6-38E8-41D7-9100-35134A58AFEB}.Release|ARM.Build.0 = Release|ARM
		{337B1EA6-38E8-41D7-9100-35134A58AFEB}.Release|ARM.Deploy.0 = Release|ARM
		{337B1EA6-38E8-41D7-9100-35134A58AFEB}.Release|ARM64.ActiveCfg = Release|ARM64
		{337B1EA6-38E8-41D7-9100-35134A58AFEB}.Release|ARM64.Build.0 = Release|ARM64
		{337B1EA6-38E8-41D7-9100-35134A58AFEB}.Release|ARM64.Deploy.0 = Release|ARM64
		{337B1EA6-38E8-41D7-9100-35134A58AFEB}.Release|iPhone.ActiveCfg = Release|x64
		{337B1EA6-38E8-41D7-9100-35134A58AFEB}.Release|iPhone.Build.0 = Release|x64
		{337B1EA6-38E8-41D7-9100-35134A58AFEB}.Release|iPhone.Deploy.0 = Release|x64
		{337B1EA6-38E8-41D7-9100-35134A58AFEB}.Release|iPhoneSimulator.ActiveCfg = Release|x64
		{337B1EA6-38E8-41D7-9100-35134A58AFEB}.Release|iPhoneSimulator.Build.0 = Release|x64
		{337B1EA6-38E8-41D7-9100-35134A58AFEB}.Release|iPhoneSimulator.Deploy.0 = Release|x64
		{337B1EA6-38E8-41D7-9100-35134A58AFEB}.Release|x64.ActiveCfg = Release|x64
		{337B1EA6-38E8-41D7-9100-35134A58AFEB}.Release|x64.Build.0 = Release|x64
		{337B1EA6-38E8-41D7-9100-35134A58AFEB}.Release|x64.Deploy.0 = Release|x64
		{337B1EA6-38E8-41D7-9100-35134A58AFEB}.Release|x86.ActiveCfg = Release|x86
		{337B1EA6-38E8-41D7-9100-35134A58AFEB}.Release|x86.Build.0 = Release|x86
		{337B1EA6-38E8-41D7-9100-35134A58AFEB}.Release|x86.Deploy.0 = Release|x86
		{75338BDB-BAA7-4B83-99B8-BDDFEC50F9BA}.Ad-Hoc|Any CPU.ActiveCfg = Debug|Any CPU
		{75338BDB-BAA7-4B83-99B8-BDDFEC50F9BA}.Ad-Hoc|Any CPU.Build.0 = Debug|Any CPU
		{75338BDB-BAA7-4B83-99B8-BDDFEC50F9BA}.Ad-Hoc|ARM.ActiveCfg = Debug|Any CPU
		{75338BDB-BAA7-4B83-99B8-BDDFEC50F9BA}.Ad-Hoc|ARM.Build.0 = Debug|Any CPU
		{75338BDB-BAA7-4B83-99B8-BDDFEC50F9BA}.Ad-Hoc|ARM64.ActiveCfg = Debug|Any CPU
		{75338BDB-BAA7-4B83-99B8-BDDFEC50F9BA}.Ad-Hoc|ARM64.Build.0 = Debug|Any CPU
		{75338BDB-BAA7-4B83-99B8-BDDFEC50F9BA}.Ad-Hoc|iPhone.ActiveCfg = Debug|Any CPU
		{75338BDB-BAA7-4B83-99B8-BDDFEC50F9BA}.Ad-Hoc|iPhone.Build.0 = Debug|Any CPU
		{75338BDB-BAA7-4B83-99B8-BDDFEC50F9BA}.Ad-Hoc|iPhoneSimulator.ActiveCfg = Debug|Any CPU
		{75338BDB-BAA7-4B83-99B8-BDDFEC50F9BA}.Ad-Hoc|iPhoneSimulator.Build.0 = Debug|Any CPU
		{75338BDB-BAA7-4B83-99B8-BDDFEC50F9BA}.Ad-Hoc|x64.ActiveCfg = Debug|Any CPU
		{75338BDB-BAA7-4B83-99B8-BDDFEC50F9BA}.Ad-Hoc|x64.Build.0 = Debug|Any CPU
		{75338BDB-BAA7-4B83-99B8-BDDFEC50F9BA}.Ad-Hoc|x86.ActiveCfg = Debug|Any CPU
		{75338BDB-BAA7-4B83-99B8-BDDFEC50F9BA}.Ad-Hoc|x86.Build.0 = Debug|Any CPU
		{75338BDB-BAA7-4B83-99B8-BDDFEC50F9BA}.AppStore|Any CPU.ActiveCfg = Debug|Any CPU
		{75338BDB-BAA7-4B83-99B8-BDDFEC50F9BA}.AppStore|Any CPU.Build.0 = Debug|Any CPU
		{75338BDB-BAA7-4B83-99B8-BDDFEC50F9BA}.AppStore|ARM.ActiveCfg = Debug|Any CPU
		{75338BDB-BAA7-4B83-99B8-BDDFEC50F9BA}.AppStore|ARM.Build.0 = Debug|Any CPU
		{75338BDB-BAA7-4B83-99B8-BDDFEC50F9BA}.AppStore|ARM64.ActiveCfg = Debug|Any CPU
		{75338BDB-BAA7-4B83-99B8-BDDFEC50F9BA}.AppStore|ARM64.Build.0 = Debug|Any CPU
		{75338BDB-BAA7-4B83-99B8-BDDFEC50F9BA}.AppStore|iPhone.ActiveCfg = Debug|Any CPU
		{75338BDB-BAA7-4B83-99B8-BDDFEC50F9BA}.AppStore|iPhone.Build.0 = Debug|Any CPU
		{75338BDB-BAA7-4B83-99B8-BDDFEC50F9BA}.AppStore|iPhoneSimulator.ActiveCfg = Debug|Any CPU
		{75338BDB-BAA7-4B83-99B8-BDDFEC50F9BA}.AppStore|iPhoneSimulator.Build.0 = Debug|Any CPU
		{75338BDB-BAA7-4B83-99B8-BDDFEC50F9BA}.AppStore|x64.ActiveCfg = Debug|Any CPU
		{75338BDB-BAA7-4B83-99B8-BDDFEC50F9BA}.AppStore|x64.Build.0 = Debug|Any CPU
		{75338BDB-BAA7-4B83-99B8-BDDFEC50F9BA}.AppStore|x86.ActiveCfg = Debug|Any CPU
		{75338BDB-BAA7-4B83-99B8-BDDFEC50F9BA}.AppStore|x86.Build.0 = Debug|Any CPU
		{75338BDB-BAA7-4B83-99B8-BDDFEC50F9BA}.Debug|Any CPU.ActiveCfg = Debug|Any CPU
		{75338BDB-BAA7-4B83-99B8-BDDFEC50F9BA}.Debug|Any CPU.Build.0 = Debug|Any CPU
		{75338BDB-BAA7-4B83-99B8-BDDFEC50F9BA}.Debug|ARM.ActiveCfg = Debug|Any CPU
		{75338BDB-BAA7-4B83-99B8-BDDFEC50F9BA}.Debug|ARM.Build.0 = Debug|Any CPU
		{75338BDB-BAA7-4B83-99B8-BDDFEC50F9BA}.Debug|ARM64.ActiveCfg = Debug|Any CPU
		{75338BDB-BAA7-4B83-99B8-BDDFEC50F9BA}.Debug|ARM64.Build.0 = Debug|Any CPU
		{75338BDB-BAA7-4B83-99B8-BDDFEC50F9BA}.Debug|iPhone.ActiveCfg = Debug|Any CPU
		{75338BDB-BAA7-4B83-99B8-BDDFEC50F9BA}.Debug|iPhone.Build.0 = Debug|Any CPU
		{75338BDB-BAA7-4B83-99B8-BDDFEC50F9BA}.Debug|iPhoneSimulator.ActiveCfg = Debug|Any CPU
		{75338BDB-BAA7-4B83-99B8-BDDFEC50F9BA}.Debug|iPhoneSimulator.Build.0 = Debug|Any CPU
		{75338BDB-BAA7-4B83-99B8-BDDFEC50F9BA}.Debug|x64.ActiveCfg = Debug|Any CPU
		{75338BDB-BAA7-4B83-99B8-BDDFEC50F9BA}.Debug|x64.Build.0 = Debug|Any CPU
		{75338BDB-BAA7-4B83-99B8-BDDFEC50F9BA}.Debug|x86.ActiveCfg = Debug|Any CPU
		{75338BDB-BAA7-4B83-99B8-BDDFEC50F9BA}.Debug|x86.Build.0 = Debug|Any CPU
		{75338BDB-BAA7-4B83-99B8-BDDFEC50F9BA}.Release|Any CPU.ActiveCfg = Release|Any CPU
		{75338BDB-BAA7-4B83-99B8-BDDFEC50F9BA}.Release|Any CPU.Build.0 = Release|Any CPU
		{75338BDB-BAA7-4B83-99B8-BDDFEC50F9BA}.Release|ARM.ActiveCfg = Release|Any CPU
		{75338BDB-BAA7-4B83-99B8-BDDFEC50F9BA}.Release|ARM.Build.0 = Release|Any CPU
		{75338BDB-BAA7-4B83-99B8-BDDFEC50F9BA}.Release|ARM64.ActiveCfg = Release|Any CPU
		{75338BDB-BAA7-4B83-99B8-BDDFEC50F9BA}.Release|ARM64.Build.0 = Release|Any CPU
		{75338BDB-BAA7-4B83-99B8-BDDFEC50F9BA}.Release|iPhone.ActiveCfg = Release|Any CPU
		{75338BDB-BAA7-4B83-99B8-BDDFEC50F9BA}.Release|iPhone.Build.0 = Release|Any CPU
		{75338BDB-BAA7-4B83-99B8-BDDFEC50F9BA}.Release|iPhoneSimulator.ActiveCfg = Release|Any CPU
		{75338BDB-BAA7-4B83-99B8-BDDFEC50F9BA}.Release|iPhoneSimulator.Build.0 = Release|Any CPU
		{75338BDB-BAA7-4B83-99B8-BDDFEC50F9BA}.Release|x64.ActiveCfg = Release|Any CPU
		{75338BDB-BAA7-4B83-99B8-BDDFEC50F9BA}.Release|x64.Build.0 = Release|Any CPU
		{75338BDB-BAA7-4B83-99B8-BDDFEC50F9BA}.Release|x86.ActiveCfg = Release|Any CPU
		{75338BDB-BAA7-4B83-99B8-BDDFEC50F9BA}.Release|x86.Build.0 = Release|Any CPU
		{81031969-86B7-45B7-A66E-17AEBFC5349D}.Ad-Hoc|Any CPU.ActiveCfg = Debug|iPhoneSimulator
		{81031969-86B7-45B7-A66E-17AEBFC5349D}.Ad-Hoc|Any CPU.Build.0 = Debug|iPhoneSimulator
		{81031969-86B7-45B7-A66E-17AEBFC5349D}.Ad-Hoc|ARM.ActiveCfg = Debug|iPhoneSimulator
		{81031969-86B7-45B7-A66E-17AEBFC5349D}.Ad-Hoc|ARM.Build.0 = Debug|iPhoneSimulator
		{81031969-86B7-45B7-A66E-17AEBFC5349D}.Ad-Hoc|ARM64.ActiveCfg = Debug|iPhoneSimulator
		{81031969-86B7-45B7-A66E-17AEBFC5349D}.Ad-Hoc|ARM64.Build.0 = Debug|iPhoneSimulator
		{81031969-86B7-45B7-A66E-17AEBFC5349D}.Ad-Hoc|iPhone.ActiveCfg = Debug|iPhoneSimulator
		{81031969-86B7-45B7-A66E-17AEBFC5349D}.Ad-Hoc|iPhone.Build.0 = Debug|iPhoneSimulator
		{81031969-86B7-45B7-A66E-17AEBFC5349D}.Ad-Hoc|iPhoneSimulator.ActiveCfg = Debug|iPhoneSimulator
		{81031969-86B7-45B7-A66E-17AEBFC5349D}.Ad-Hoc|iPhoneSimulator.Build.0 = Debug|iPhoneSimulator
		{81031969-86B7-45B7-A66E-17AEBFC5349D}.Ad-Hoc|x64.ActiveCfg = Debug|iPhoneSimulator
		{81031969-86B7-45B7-A66E-17AEBFC5349D}.Ad-Hoc|x64.Build.0 = Debug|iPhoneSimulator
		{81031969-86B7-45B7-A66E-17AEBFC5349D}.Ad-Hoc|x86.ActiveCfg = Debug|iPhoneSimulator
		{81031969-86B7-45B7-A66E-17AEBFC5349D}.Ad-Hoc|x86.Build.0 = Debug|iPhoneSimulator
		{81031969-86B7-45B7-A66E-17AEBFC5349D}.AppStore|Any CPU.ActiveCfg = Debug|iPhoneSimulator
		{81031969-86B7-45B7-A66E-17AEBFC5349D}.AppStore|Any CPU.Build.0 = Debug|iPhoneSimulator
		{81031969-86B7-45B7-A66E-17AEBFC5349D}.AppStore|ARM.ActiveCfg = Debug|iPhoneSimulator
		{81031969-86B7-45B7-A66E-17AEBFC5349D}.AppStore|ARM.Build.0 = Debug|iPhoneSimulator
		{81031969-86B7-45B7-A66E-17AEBFC5349D}.AppStore|ARM64.ActiveCfg = Debug|iPhoneSimulator
		{81031969-86B7-45B7-A66E-17AEBFC5349D}.AppStore|ARM64.Build.0 = Debug|iPhoneSimulator
		{81031969-86B7-45B7-A66E-17AEBFC5349D}.AppStore|iPhone.ActiveCfg = Debug|iPhoneSimulator
		{81031969-86B7-45B7-A66E-17AEBFC5349D}.AppStore|iPhone.Build.0 = Debug|iPhoneSimulator
		{81031969-86B7-45B7-A66E-17AEBFC5349D}.AppStore|iPhoneSimulator.ActiveCfg = Debug|iPhoneSimulator
		{81031969-86B7-45B7-A66E-17AEBFC5349D}.AppStore|iPhoneSimulator.Build.0 = Debug|iPhoneSimulator
		{81031969-86B7-45B7-A66E-17AEBFC5349D}.AppStore|x64.ActiveCfg = Debug|iPhoneSimulator
		{81031969-86B7-45B7-A66E-17AEBFC5349D}.AppStore|x64.Build.0 = Debug|iPhoneSimulator
		{81031969-86B7-45B7-A66E-17AEBFC5349D}.AppStore|x86.ActiveCfg = Debug|iPhoneSimulator
		{81031969-86B7-45B7-A66E-17AEBFC5349D}.AppStore|x86.Build.0 = Debug|iPhoneSimulator
		{81031969-86B7-45B7-A66E-17AEBFC5349D}.Debug|Any CPU.ActiveCfg = Debug|iPhoneSimulator
		{81031969-86B7-45B7-A66E-17AEBFC5349D}.Debug|Any CPU.Build.0 = Debug|iPhoneSimulator
		{81031969-86B7-45B7-A66E-17AEBFC5349D}.Debug|ARM.ActiveCfg = Debug|iPhoneSimulator
		{81031969-86B7-45B7-A66E-17AEBFC5349D}.Debug|ARM.Build.0 = Debug|iPhoneSimulator
		{81031969-86B7-45B7-A66E-17AEBFC5349D}.Debug|ARM64.ActiveCfg = Debug|iPhoneSimulator
		{81031969-86B7-45B7-A66E-17AEBFC5349D}.Debug|ARM64.Build.0 = Debug|iPhoneSimulator
		{81031969-86B7-45B7-A66E-17AEBFC5349D}.Debug|iPhone.ActiveCfg = Debug|iPhoneSimulator
		{81031969-86B7-45B7-A66E-17AEBFC5349D}.Debug|iPhone.Build.0 = Debug|iPhoneSimulator
		{81031969-86B7-45B7-A66E-17AEBFC5349D}.Debug|iPhoneSimulator.ActiveCfg = Debug|iPhoneSimulator
		{81031969-86B7-45B7-A66E-17AEBFC5349D}.Debug|iPhoneSimulator.Build.0 = Debug|iPhoneSimulator
		{81031969-86B7-45B7-A66E-17AEBFC5349D}.Debug|x64.ActiveCfg = Debug|iPhoneSimulator
		{81031969-86B7-45B7-A66E-17AEBFC5349D}.Debug|x64.Build.0 = Debug|iPhoneSimulator
		{81031969-86B7-45B7-A66E-17AEBFC5349D}.Debug|x86.ActiveCfg = Debug|iPhoneSimulator
		{81031969-86B7-45B7-A66E-17AEBFC5349D}.Debug|x86.Build.0 = Debug|iPhoneSimulator
		{81031969-86B7-45B7-A66E-17AEBFC5349D}.Release|Any CPU.ActiveCfg = Release|iPhoneSimulator
		{81031969-86B7-45B7-A66E-17AEBFC5349D}.Release|Any CPU.Build.0 = Release|iPhoneSimulator
		{81031969-86B7-45B7-A66E-17AEBFC5349D}.Release|ARM.ActiveCfg = Release|iPhoneSimulator
		{81031969-86B7-45B7-A66E-17AEBFC5349D}.Release|ARM.Build.0 = Release|iPhoneSimulator
		{81031969-86B7-45B7-A66E-17AEBFC5349D}.Release|ARM64.ActiveCfg = Release|iPhoneSimulator
		{81031969-86B7-45B7-A66E-17AEBFC5349D}.Release|ARM64.Build.0 = Release|iPhoneSimulator
		{81031969-86B7-45B7-A66E-17AEBFC5349D}.Release|iPhone.ActiveCfg = Release|iPhoneSimulator
		{81031969-86B7-45B7-A66E-17AEBFC5349D}.Release|iPhone.Build.0 = Release|iPhoneSimulator
		{81031969-86B7-45B7-A66E-17AEBFC5349D}.Release|iPhoneSimulator.ActiveCfg = Release|iPhoneSimulator
		{81031969-86B7-45B7-A66E-17AEBFC5349D}.Release|iPhoneSimulator.Build.0 = Release|iPhoneSimulator
		{81031969-86B7-45B7-A66E-17AEBFC5349D}.Release|x64.ActiveCfg = Release|iPhoneSimulator
		{81031969-86B7-45B7-A66E-17AEBFC5349D}.Release|x64.Build.0 = Release|iPhoneSimulator
		{81031969-86B7-45B7-A66E-17AEBFC5349D}.Release|x86.ActiveCfg = Release|iPhoneSimulator
		{81031969-86B7-45B7-A66E-17AEBFC5349D}.Release|x86.Build.0 = Release|iPhoneSimulator
		{F8E3998E-B2A1-4CDB-9081-CE2307D052E4}.Ad-Hoc|Any CPU.ActiveCfg = Debug|Any CPU
		{F8E3998E-B2A1-4CDB-9081-CE2307D052E4}.Ad-Hoc|Any CPU.Build.0 = Debug|Any CPU
		{F8E3998E-B2A1-4CDB-9081-CE2307D052E4}.Ad-Hoc|ARM.ActiveCfg = Debug|Any CPU
		{F8E3998E-B2A1-4CDB-9081-CE2307D052E4}.Ad-Hoc|ARM.Build.0 = Debug|Any CPU
		{F8E3998E-B2A1-4CDB-9081-CE2307D052E4}.Ad-Hoc|ARM64.ActiveCfg = Debug|Any CPU
		{F8E3998E-B2A1-4CDB-9081-CE2307D052E4}.Ad-Hoc|ARM64.Build.0 = Debug|Any CPU
		{F8E3998E-B2A1-4CDB-9081-CE2307D052E4}.Ad-Hoc|iPhone.ActiveCfg = Debug|Any CPU
		{F8E3998E-B2A1-4CDB-9081-CE2307D052E4}.Ad-Hoc|iPhone.Build.0 = Debug|Any CPU
		{F8E3998E-B2A1-4CDB-9081-CE2307D052E4}.Ad-Hoc|iPhoneSimulator.ActiveCfg = Debug|Any CPU
		{F8E3998E-B2A1-4CDB-9081-CE2307D052E4}.Ad-Hoc|iPhoneSimulator.Build.0 = Debug|Any CPU
		{F8E3998E-B2A1-4CDB-9081-CE2307D052E4}.Ad-Hoc|x64.ActiveCfg = Debug|Any CPU
		{F8E3998E-B2A1-4CDB-9081-CE2307D052E4}.Ad-Hoc|x64.Build.0 = Debug|Any CPU
		{F8E3998E-B2A1-4CDB-9081-CE2307D052E4}.Ad-Hoc|x86.ActiveCfg = Debug|Any CPU
		{F8E3998E-B2A1-4CDB-9081-CE2307D052E4}.Ad-Hoc|x86.Build.0 = Debug|Any CPU
		{F8E3998E-B2A1-4CDB-9081-CE2307D052E4}.AppStore|Any CPU.ActiveCfg = Debug|Any CPU
		{F8E3998E-B2A1-4CDB-9081-CE2307D052E4}.AppStore|Any CPU.Build.0 = Debug|Any CPU
		{F8E3998E-B2A1-4CDB-9081-CE2307D052E4}.AppStore|ARM.ActiveCfg = Debug|Any CPU
		{F8E3998E-B2A1-4CDB-9081-CE2307D052E4}.AppStore|ARM.Build.0 = Debug|Any CPU
		{F8E3998E-B2A1-4CDB-9081-CE2307D052E4}.AppStore|ARM64.ActiveCfg = Debug|Any CPU
		{F8E3998E-B2A1-4CDB-9081-CE2307D052E4}.AppStore|ARM64.Build.0 = Debug|Any CPU
		{F8E3998E-B2A1-4CDB-9081-CE2307D052E4}.AppStore|iPhone.ActiveCfg = Debug|Any CPU
		{F8E3998E-B2A1-4CDB-9081-CE2307D052E4}.AppStore|iPhone.Build.0 = Debug|Any CPU
		{F8E3998E-B2A1-4CDB-9081-CE2307D052E4}.AppStore|iPhoneSimulator.ActiveCfg = Debug|Any CPU
		{F8E3998E-B2A1-4CDB-9081-CE2307D052E4}.AppStore|iPhoneSimulator.Build.0 = Debug|Any CPU
		{F8E3998E-B2A1-4CDB-9081-CE2307D052E4}.AppStore|x64.ActiveCfg = Debug|Any CPU
		{F8E3998E-B2A1-4CDB-9081-CE2307D052E4}.AppStore|x64.Build.0 = Debug|Any CPU
		{F8E3998E-B2A1-4CDB-9081-CE2307D052E4}.AppStore|x86.ActiveCfg = Debug|Any CPU
		{F8E3998E-B2A1-4CDB-9081-CE2307D052E4}.AppStore|x86.Build.0 = Debug|Any CPU
		{F8E3998E-B2A1-4CDB-9081-CE2307D052E4}.Debug|Any CPU.ActiveCfg = Debug|Any CPU
		{F8E3998E-B2A1-4CDB-9081-CE2307D052E4}.Debug|Any CPU.Build.0 = Debug|Any CPU
		{F8E3998E-B2A1-4CDB-9081-CE2307D052E4}.Debug|ARM.ActiveCfg = Debug|Any CPU
		{F8E3998E-B2A1-4CDB-9081-CE2307D052E4}.Debug|ARM.Build.0 = Debug|Any CPU
		{F8E3998E-B2A1-4CDB-9081-CE2307D052E4}.Debug|ARM64.ActiveCfg = Debug|Any CPU
		{F8E3998E-B2A1-4CDB-9081-CE2307D052E4}.Debug|ARM64.Build.0 = Debug|Any CPU
		{F8E3998E-B2A1-4CDB-9081-CE2307D052E4}.Debug|iPhone.ActiveCfg = Debug|Any CPU
		{F8E3998E-B2A1-4CDB-9081-CE2307D052E4}.Debug|iPhone.Build.0 = Debug|Any CPU
		{F8E3998E-B2A1-4CDB-9081-CE2307D052E4}.Debug|iPhoneSimulator.ActiveCfg = Debug|Any CPU
		{F8E3998E-B2A1-4CDB-9081-CE2307D052E4}.Debug|iPhoneSimulator.Build.0 = Debug|Any CPU
		{F8E3998E-B2A1-4CDB-9081-CE2307D052E4}.Debug|x64.ActiveCfg = Debug|Any CPU
		{F8E3998E-B2A1-4CDB-9081-CE2307D052E4}.Debug|x64.Build.0 = Debug|Any CPU
		{F8E3998E-B2A1-4CDB-9081-CE2307D052E4}.Debug|x86.ActiveCfg = Debug|Any CPU
		{F8E3998E-B2A1-4CDB-9081-CE2307D052E4}.Debug|x86.Build.0 = Debug|Any CPU
		{F8E3998E-B2A1-4CDB-9081-CE2307D052E4}.Release|Any CPU.ActiveCfg = Release|Any CPU
		{F8E3998E-B2A1-4CDB-9081-CE2307D052E4}.Release|Any CPU.Build.0 = Release|Any CPU
		{F8E3998E-B2A1-4CDB-9081-CE2307D052E4}.Release|ARM.ActiveCfg = Release|Any CPU
		{F8E3998E-B2A1-4CDB-9081-CE2307D052E4}.Release|ARM.Build.0 = Release|Any CPU
		{F8E3998E-B2A1-4CDB-9081-CE2307D052E4}.Release|ARM64.ActiveCfg = Release|Any CPU
		{F8E3998E-B2A1-4CDB-9081-CE2307D052E4}.Release|ARM64.Build.0 = Release|Any CPU
		{F8E3998E-B2A1-4CDB-9081-CE2307D052E4}.Release|iPhone.ActiveCfg = Release|Any CPU
		{F8E3998E-B2A1-4CDB-9081-CE2307D052E4}.Release|iPhone.Build.0 = Release|Any CPU
		{F8E3998E-B2A1-4CDB-9081-CE2307D052E4}.Release|iPhoneSimulator.ActiveCfg = Release|Any CPU
		{F8E3998E-B2A1-4CDB-9081-CE2307D052E4}.Release|iPhoneSimulator.Build.0 = Release|Any CPU
		{F8E3998E-B2A1-4CDB-9081-CE2307D052E4}.Release|x64.ActiveCfg = Release|Any CPU
		{F8E3998E-B2A1-4CDB-9081-CE2307D052E4}.Release|x64.Build.0 = Release|Any CPU
		{F8E3998E-B2A1-4CDB-9081-CE2307D052E4}.Release|x86.ActiveCfg = Release|Any CPU
		{F8E3998E-B2A1-4CDB-9081-CE2307D052E4}.Release|x86.Build.0 = Release|Any CPU
		{7ECDA7DF-49ED-45F3-8F70-7161D04C408F}.Ad-Hoc|Any CPU.ActiveCfg = Debug|Any CPU
		{7ECDA7DF-49ED-45F3-8F70-7161D04C408F}.Ad-Hoc|Any CPU.Build.0 = Debug|Any CPU
		{7ECDA7DF-49ED-45F3-8F70-7161D04C408F}.Ad-Hoc|ARM.ActiveCfg = Debug|Any CPU
		{7ECDA7DF-49ED-45F3-8F70-7161D04C408F}.Ad-Hoc|ARM.Build.0 = Debug|Any CPU
		{7ECDA7DF-49ED-45F3-8F70-7161D04C408F}.Ad-Hoc|ARM64.ActiveCfg = Debug|Any CPU
		{7ECDA7DF-49ED-45F3-8F70-7161D04C408F}.Ad-Hoc|ARM64.Build.0 = Debug|Any CPU
		{7ECDA7DF-49ED-45F3-8F70-7161D04C408F}.Ad-Hoc|iPhone.ActiveCfg = Debug|Any CPU
		{7ECDA7DF-49ED-45F3-8F70-7161D04C408F}.Ad-Hoc|iPhone.Build.0 = Debug|Any CPU
		{7ECDA7DF-49ED-45F3-8F70-7161D04C408F}.Ad-Hoc|iPhoneSimulator.ActiveCfg = Debug|Any CPU
		{7ECDA7DF-49ED-45F3-8F70-7161D04C408F}.Ad-Hoc|iPhoneSimulator.Build.0 = Debug|Any CPU
		{7ECDA7DF-49ED-45F3-8F70-7161D04C408F}.Ad-Hoc|x64.ActiveCfg = Debug|Any CPU
		{7ECDA7DF-49ED-45F3-8F70-7161D04C408F}.Ad-Hoc|x64.Build.0 = Debug|Any CPU
		{7ECDA7DF-49ED-45F3-8F70-7161D04C408F}.Ad-Hoc|x86.ActiveCfg = Debug|Any CPU
		{7ECDA7DF-49ED-45F3-8F70-7161D04C408F}.Ad-Hoc|x86.Build.0 = Debug|Any CPU
		{7ECDA7DF-49ED-45F3-8F70-7161D04C408F}.AppStore|Any CPU.ActiveCfg = Debug|Any CPU
		{7ECDA7DF-49ED-45F3-8F70-7161D04C408F}.AppStore|Any CPU.Build.0 = Debug|Any CPU
		{7ECDA7DF-49ED-45F3-8F70-7161D04C408F}.AppStore|ARM.ActiveCfg = Debug|Any CPU
		{7ECDA7DF-49ED-45F3-8F70-7161D04C408F}.AppStore|ARM.Build.0 = Debug|Any CPU
		{7ECDA7DF-49ED-45F3-8F70-7161D04C408F}.AppStore|ARM64.ActiveCfg = Debug|Any CPU
		{7ECDA7DF-49ED-45F3-8F70-7161D04C408F}.AppStore|ARM64.Build.0 = Debug|Any CPU
		{7ECDA7DF-49ED-45F3-8F70-7161D04C408F}.AppStore|iPhone.ActiveCfg = Debug|Any CPU
		{7ECDA7DF-49ED-45F3-8F70-7161D04C408F}.AppStore|iPhone.Build.0 = Debug|Any CPU
		{7ECDA7DF-49ED-45F3-8F70-7161D04C408F}.AppStore|iPhoneSimulator.ActiveCfg = Debug|Any CPU
		{7ECDA7DF-49ED-45F3-8F70-7161D04C408F}.AppStore|iPhoneSimulator.Build.0 = Debug|Any CPU
		{7ECDA7DF-49ED-45F3-8F70-7161D04C408F}.AppStore|x64.ActiveCfg = Debug|Any CPU
		{7ECDA7DF-49ED-45F3-8F70-7161D04C408F}.AppStore|x64.Build.0 = Debug|Any CPU
		{7ECDA7DF-49ED-45F3-8F70-7161D04C408F}.AppStore|x86.ActiveCfg = Debug|Any CPU
		{7ECDA7DF-49ED-45F3-8F70-7161D04C408F}.AppStore|x86.Build.0 = Debug|Any CPU
		{7ECDA7DF-49ED-45F3-8F70-7161D04C408F}.Debug|Any CPU.ActiveCfg = Debug|Any CPU
		{7ECDA7DF-49ED-45F3-8F70-7161D04C408F}.Debug|Any CPU.Build.0 = Debug|Any CPU
		{7ECDA7DF-49ED-45F3-8F70-7161D04C408F}.Debug|ARM.ActiveCfg = Debug|Any CPU
		{7ECDA7DF-49ED-45F3-8F70-7161D04C408F}.Debug|ARM.Build.0 = Debug|Any CPU
		{7ECDA7DF-49ED-45F3-8F70-7161D04C408F}.Debug|ARM64.ActiveCfg = Debug|Any CPU
		{7ECDA7DF-49ED-45F3-8F70-7161D04C408F}.Debug|ARM64.Build.0 = Debug|Any CPU
		{7ECDA7DF-49ED-45F3-8F70-7161D04C408F}.Debug|iPhone.ActiveCfg = Debug|Any CPU
		{7ECDA7DF-49ED-45F3-8F70-7161D04C408F}.Debug|iPhone.Build.0 = Debug|Any CPU
		{7ECDA7DF-49ED-45F3-8F70-7161D04C408F}.Debug|iPhoneSimulator.ActiveCfg = Debug|Any CPU
		{7ECDA7DF-49ED-45F3-8F70-7161D04C408F}.Debug|iPhoneSimulator.Build.0 = Debug|Any CPU
		{7ECDA7DF-49ED-45F3-8F70-7161D04C408F}.Debug|x64.ActiveCfg = Debug|Any CPU
		{7ECDA7DF-49ED-45F3-8F70-7161D04C408F}.Debug|x64.Build.0 = Debug|Any CPU
		{7ECDA7DF-49ED-45F3-8F70-7161D04C408F}.Debug|x86.ActiveCfg = Debug|Any CPU
		{7ECDA7DF-49ED-45F3-8F70-7161D04C408F}.Debug|x86.Build.0 = Debug|Any CPU
		{7ECDA7DF-49ED-45F3-8F70-7161D04C408F}.Release|Any CPU.ActiveCfg = Release|Any CPU
		{7ECDA7DF-49ED-45F3-8F70-7161D04C408F}.Release|Any CPU.Build.0 = Release|Any CPU
		{7ECDA7DF-49ED-45F3-8F70-7161D04C408F}.Release|ARM.ActiveCfg = Release|Any CPU
		{7ECDA7DF-49ED-45F3-8F70-7161D04C408F}.Release|ARM.Build.0 = Release|Any CPU
		{7ECDA7DF-49ED-45F3-8F70-7161D04C408F}.Release|ARM64.ActiveCfg = Release|Any CPU
		{7ECDA7DF-49ED-45F3-8F70-7161D04C408F}.Release|ARM64.Build.0 = Release|Any CPU
		{7ECDA7DF-49ED-45F3-8F70-7161D04C408F}.Release|iPhone.ActiveCfg = Release|Any CPU
		{7ECDA7DF-49ED-45F3-8F70-7161D04C408F}.Release|iPhone.Build.0 = Release|Any CPU
		{7ECDA7DF-49ED-45F3-8F70-7161D04C408F}.Release|iPhoneSimulator.ActiveCfg = Release|Any CPU
		{7ECDA7DF-49ED-45F3-8F70-7161D04C408F}.Release|iPhoneSimulator.Build.0 = Release|Any CPU
		{7ECDA7DF-49ED-45F3-8F70-7161D04C408F}.Release|x64.ActiveCfg = Release|Any CPU
		{7ECDA7DF-49ED-45F3-8F70-7161D04C408F}.Release|x64.Build.0 = Release|Any CPU
		{7ECDA7DF-49ED-45F3-8F70-7161D04C408F}.Release|x86.ActiveCfg = Release|Any CPU
		{7ECDA7DF-49ED-45F3-8F70-7161D04C408F}.Release|x86.Build.0 = Release|Any CPU
		{A507CF58-74CB-47E6-8C5B-825631644DE0}.Ad-Hoc|Any CPU.ActiveCfg = Debug|Any CPU
		{A507CF58-74CB-47E6-8C5B-825631644DE0}.Ad-Hoc|Any CPU.Build.0 = Debug|Any CPU
		{A507CF58-74CB-47E6-8C5B-825631644DE0}.Ad-Hoc|ARM.ActiveCfg = Debug|Any CPU
		{A507CF58-74CB-47E6-8C5B-825631644DE0}.Ad-Hoc|ARM.Build.0 = Debug|Any CPU
		{A507CF58-74CB-47E6-8C5B-825631644DE0}.Ad-Hoc|ARM64.ActiveCfg = Debug|Any CPU
		{A507CF58-74CB-47E6-8C5B-825631644DE0}.Ad-Hoc|ARM64.Build.0 = Debug|Any CPU
		{A507CF58-74CB-47E6-8C5B-825631644DE0}.Ad-Hoc|iPhone.ActiveCfg = Debug|Any CPU
		{A507CF58-74CB-47E6-8C5B-825631644DE0}.Ad-Hoc|iPhone.Build.0 = Debug|Any CPU
		{A507CF58-74CB-47E6-8C5B-825631644DE0}.Ad-Hoc|iPhoneSimulator.ActiveCfg = Debug|Any CPU
		{A507CF58-74CB-47E6-8C5B-825631644DE0}.Ad-Hoc|iPhoneSimulator.Build.0 = Debug|Any CPU
		{A507CF58-74CB-47E6-8C5B-825631644DE0}.Ad-Hoc|x64.ActiveCfg = Debug|Any CPU
		{A507CF58-74CB-47E6-8C5B-825631644DE0}.Ad-Hoc|x64.Build.0 = Debug|Any CPU
		{A507CF58-74CB-47E6-8C5B-825631644DE0}.Ad-Hoc|x86.ActiveCfg = Debug|Any CPU
		{A507CF58-74CB-47E6-8C5B-825631644DE0}.Ad-Hoc|x86.Build.0 = Debug|Any CPU
		{A507CF58-74CB-47E6-8C5B-825631644DE0}.AppStore|Any CPU.ActiveCfg = Debug|Any CPU
		{A507CF58-74CB-47E6-8C5B-825631644DE0}.AppStore|Any CPU.Build.0 = Debug|Any CPU
		{A507CF58-74CB-47E6-8C5B-825631644DE0}.AppStore|ARM.ActiveCfg = Debug|Any CPU
		{A507CF58-74CB-47E6-8C5B-825631644DE0}.AppStore|ARM.Build.0 = Debug|Any CPU
		{A507CF58-74CB-47E6-8C5B-825631644DE0}.AppStore|ARM64.ActiveCfg = Debug|Any CPU
		{A507CF58-74CB-47E6-8C5B-825631644DE0}.AppStore|ARM64.Build.0 = Debug|Any CPU
		{A507CF58-74CB-47E6-8C5B-825631644DE0}.AppStore|iPhone.ActiveCfg = Debug|Any CPU
		{A507CF58-74CB-47E6-8C5B-825631644DE0}.AppStore|iPhone.Build.0 = Debug|Any CPU
		{A507CF58-74CB-47E6-8C5B-825631644DE0}.AppStore|iPhoneSimulator.ActiveCfg = Debug|Any CPU
		{A507CF58-74CB-47E6-8C5B-825631644DE0}.AppStore|iPhoneSimulator.Build.0 = Debug|Any CPU
		{A507CF58-74CB-47E6-8C5B-825631644DE0}.AppStore|x64.ActiveCfg = Debug|Any CPU
		{A507CF58-74CB-47E6-8C5B-825631644DE0}.AppStore|x64.Build.0 = Debug|Any CPU
		{A507CF58-74CB-47E6-8C5B-825631644DE0}.AppStore|x86.ActiveCfg = Debug|Any CPU
		{A507CF58-74CB-47E6-8C5B-825631644DE0}.AppStore|x86.Build.0 = Debug|Any CPU
		{A507CF58-74CB-47E6-8C5B-825631644DE0}.Debug|Any CPU.ActiveCfg = Debug|Any CPU
		{A507CF58-74CB-47E6-8C5B-825631644DE0}.Debug|Any CPU.Build.0 = Debug|Any CPU
		{A507CF58-74CB-47E6-8C5B-825631644DE0}.Debug|ARM.ActiveCfg = Debug|Any CPU
		{A507CF58-74CB-47E6-8C5B-825631644DE0}.Debug|ARM.Build.0 = Debug|Any CPU
		{A507CF58-74CB-47E6-8C5B-825631644DE0}.Debug|ARM64.ActiveCfg = Debug|Any CPU
		{A507CF58-74CB-47E6-8C5B-825631644DE0}.Debug|ARM64.Build.0 = Debug|Any CPU
		{A507CF58-74CB-47E6-8C5B-825631644DE0}.Debug|iPhone.ActiveCfg = Debug|Any CPU
		{A507CF58-74CB-47E6-8C5B-825631644DE0}.Debug|iPhone.Build.0 = Debug|Any CPU
		{A507CF58-74CB-47E6-8C5B-825631644DE0}.Debug|iPhoneSimulator.ActiveCfg = Debug|Any CPU
		{A507CF58-74CB-47E6-8C5B-825631644DE0}.Debug|iPhoneSimulator.Build.0 = Debug|Any CPU
		{A507CF58-74CB-47E6-8C5B-825631644DE0}.Debug|x64.ActiveCfg = Debug|Any CPU
		{A507CF58-74CB-47E6-8C5B-825631644DE0}.Debug|x64.Build.0 = Debug|Any CPU
		{A507CF58-74CB-47E6-8C5B-825631644DE0}.Debug|x86.ActiveCfg = Debug|Any CPU
		{A507CF58-74CB-47E6-8C5B-825631644DE0}.Debug|x86.Build.0 = Debug|Any CPU
		{A507CF58-74CB-47E6-8C5B-825631644DE0}.Release|Any CPU.ActiveCfg = Release|Any CPU
		{A507CF58-74CB-47E6-8C5B-825631644DE0}.Release|Any CPU.Build.0 = Release|Any CPU
		{A507CF58-74CB-47E6-8C5B-825631644DE0}.Release|ARM.ActiveCfg = Release|Any CPU
		{A507CF58-74CB-47E6-8C5B-825631644DE0}.Release|ARM.Build.0 = Release|Any CPU
		{A507CF58-74CB-47E6-8C5B-825631644DE0}.Release|ARM64.ActiveCfg = Release|Any CPU
		{A507CF58-74CB-47E6-8C5B-825631644DE0}.Release|ARM64.Build.0 = Release|Any CPU
		{A507CF58-74CB-47E6-8C5B-825631644DE0}.Release|iPhone.ActiveCfg = Release|Any CPU
		{A507CF58-74CB-47E6-8C5B-825631644DE0}.Release|iPhone.Build.0 = Release|Any CPU
		{A507CF58-74CB-47E6-8C5B-825631644DE0}.Release|iPhoneSimulator.ActiveCfg = Release|Any CPU
		{A507CF58-74CB-47E6-8C5B-825631644DE0}.Release|iPhoneSimulator.Build.0 = Release|Any CPU
		{A507CF58-74CB-47E6-8C5B-825631644DE0}.Release|x64.ActiveCfg = Release|Any CPU
		{A507CF58-74CB-47E6-8C5B-825631644DE0}.Release|x64.Build.0 = Release|Any CPU
		{A507CF58-74CB-47E6-8C5B-825631644DE0}.Release|x86.ActiveCfg = Release|Any CPU
		{A507CF58-74CB-47E6-8C5B-825631644DE0}.Release|x86.Build.0 = Release|Any CPU
		{D96C84C7-3899-47FB-B959-F6F423FE8557}.Ad-Hoc|Any CPU.ActiveCfg = Debug|Any CPU
		{D96C84C7-3899-47FB-B959-F6F423FE8557}.Ad-Hoc|Any CPU.Build.0 = Debug|Any CPU
		{D96C84C7-3899-47FB-B959-F6F423FE8557}.Ad-Hoc|ARM.ActiveCfg = Debug|Any CPU
		{D96C84C7-3899-47FB-B959-F6F423FE8557}.Ad-Hoc|ARM.Build.0 = Debug|Any CPU
		{D96C84C7-3899-47FB-B959-F6F423FE8557}.Ad-Hoc|ARM64.ActiveCfg = Debug|Any CPU
		{D96C84C7-3899-47FB-B959-F6F423FE8557}.Ad-Hoc|ARM64.Build.0 = Debug|Any CPU
		{D96C84C7-3899-47FB-B959-F6F423FE8557}.Ad-Hoc|iPhone.ActiveCfg = Debug|Any CPU
		{D96C84C7-3899-47FB-B959-F6F423FE8557}.Ad-Hoc|iPhone.Build.0 = Debug|Any CPU
		{D96C84C7-3899-47FB-B959-F6F423FE8557}.Ad-Hoc|iPhoneSimulator.ActiveCfg = Debug|Any CPU
		{D96C84C7-3899-47FB-B959-F6F423FE8557}.Ad-Hoc|iPhoneSimulator.Build.0 = Debug|Any CPU
		{D96C84C7-3899-47FB-B959-F6F423FE8557}.Ad-Hoc|x64.ActiveCfg = Debug|Any CPU
		{D96C84C7-3899-47FB-B959-F6F423FE8557}.Ad-Hoc|x64.Build.0 = Debug|Any CPU
		{D96C84C7-3899-47FB-B959-F6F423FE8557}.Ad-Hoc|x86.ActiveCfg = Debug|Any CPU
		{D96C84C7-3899-47FB-B959-F6F423FE8557}.Ad-Hoc|x86.Build.0 = Debug|Any CPU
		{D96C84C7-3899-47FB-B959-F6F423FE8557}.AppStore|Any CPU.ActiveCfg = Debug|Any CPU
		{D96C84C7-3899-47FB-B959-F6F423FE8557}.AppStore|Any CPU.Build.0 = Debug|Any CPU
		{D96C84C7-3899-47FB-B959-F6F423FE8557}.AppStore|ARM.ActiveCfg = Debug|Any CPU
		{D96C84C7-3899-47FB-B959-F6F423FE8557}.AppStore|ARM.Build.0 = Debug|Any CPU
		{D96C84C7-3899-47FB-B959-F6F423FE8557}.AppStore|ARM64.ActiveCfg = Debug|Any CPU
		{D96C84C7-3899-47FB-B959-F6F423FE8557}.AppStore|ARM64.Build.0 = Debug|Any CPU
		{D96C84C7-3899-47FB-B959-F6F423FE8557}.AppStore|iPhone.ActiveCfg = Debug|Any CPU
		{D96C84C7-3899-47FB-B959-F6F423FE8557}.AppStore|iPhone.Build.0 = Debug|Any CPU
		{D96C84C7-3899-47FB-B959-F6F423FE8557}.AppStore|iPhoneSimulator.ActiveCfg = Debug|Any CPU
		{D96C84C7-3899-47FB-B959-F6F423FE8557}.AppStore|iPhoneSimulator.Build.0 = Debug|Any CPU
		{D96C84C7-3899-47FB-B959-F6F423FE8557}.AppStore|x64.ActiveCfg = Debug|Any CPU
		{D96C84C7-3899-47FB-B959-F6F423FE8557}.AppStore|x64.Build.0 = Debug|Any CPU
		{D96C84C7-3899-47FB-B959-F6F423FE8557}.AppStore|x86.ActiveCfg = Debug|Any CPU
		{D96C84C7-3899-47FB-B959-F6F423FE8557}.AppStore|x86.Build.0 = Debug|Any CPU
		{D96C84C7-3899-47FB-B959-F6F423FE8557}.Debug|Any CPU.ActiveCfg = Debug|Any CPU
		{D96C84C7-3899-47FB-B959-F6F423FE8557}.Debug|Any CPU.Build.0 = Debug|Any CPU
		{D96C84C7-3899-47FB-B959-F6F423FE8557}.Debug|ARM.ActiveCfg = Debug|Any CPU
		{D96C84C7-3899-47FB-B959-F6F423FE8557}.Debug|ARM.Build.0 = Debug|Any CPU
		{D96C84C7-3899-47FB-B959-F6F423FE8557}.Debug|ARM64.ActiveCfg = Debug|Any CPU
		{D96C84C7-3899-47FB-B959-F6F423FE8557}.Debug|ARM64.Build.0 = Debug|Any CPU
		{D96C84C7-3899-47FB-B959-F6F423FE8557}.Debug|iPhone.ActiveCfg = Debug|Any CPU
		{D96C84C7-3899-47FB-B959-F6F423FE8557}.Debug|iPhone.Build.0 = Debug|Any CPU
		{D96C84C7-3899-47FB-B959-F6F423FE8557}.Debug|iPhoneSimulator.ActiveCfg = Debug|Any CPU
		{D96C84C7-3899-47FB-B959-F6F423FE8557}.Debug|iPhoneSimulator.Build.0 = Debug|Any CPU
		{D96C84C7-3899-47FB-B959-F6F423FE8557}.Debug|x64.ActiveCfg = Debug|Any CPU
		{D96C84C7-3899-47FB-B959-F6F423FE8557}.Debug|x64.Build.0 = Debug|Any CPU
		{D96C84C7-3899-47FB-B959-F6F423FE8557}.Debug|x86.ActiveCfg = Debug|Any CPU
		{D96C84C7-3899-47FB-B959-F6F423FE8557}.Debug|x86.Build.0 = Debug|Any CPU
		{D96C84C7-3899-47FB-B959-F6F423FE8557}.Release|Any CPU.ActiveCfg = Release|Any CPU
		{D96C84C7-3899-47FB-B959-F6F423FE8557}.Release|Any CPU.Build.0 = Release|Any CPU
		{D96C84C7-3899-47FB-B959-F6F423FE8557}.Release|ARM.ActiveCfg = Release|Any CPU
		{D96C84C7-3899-47FB-B959-F6F423FE8557}.Release|ARM.Build.0 = Release|Any CPU
		{D96C84C7-3899-47FB-B959-F6F423FE8557}.Release|ARM64.ActiveCfg = Release|Any CPU
		{D96C84C7-3899-47FB-B959-F6F423FE8557}.Release|ARM64.Build.0 = Release|Any CPU
		{D96C84C7-3899-47FB-B959-F6F423FE8557}.Release|iPhone.ActiveCfg = Release|Any CPU
		{D96C84C7-3899-47FB-B959-F6F423FE8557}.Release|iPhone.Build.0 = Release|Any CPU
		{D96C84C7-3899-47FB-B959-F6F423FE8557}.Release|iPhoneSimulator.ActiveCfg = Release|Any CPU
		{D96C84C7-3899-47FB-B959-F6F423FE8557}.Release|iPhoneSimulator.Build.0 = Release|Any CPU
		{D96C84C7-3899-47FB-B959-F6F423FE8557}.Release|x64.ActiveCfg = Release|Any CPU
		{D96C84C7-3899-47FB-B959-F6F423FE8557}.Release|x64.Build.0 = Release|Any CPU
		{D96C84C7-3899-47FB-B959-F6F423FE8557}.Release|x86.ActiveCfg = Release|Any CPU
		{D96C84C7-3899-47FB-B959-F6F423FE8557}.Release|x86.Build.0 = Release|Any CPU
	EndGlobalSection
	GlobalSection(SolutionProperties) = preSolution
		HideSolutionNode = FALSE
	EndGlobalSection
	GlobalSection(NestedProjects) = preSolution
		{88445E7A-DBFF-44C3-A824-8BD3727A3F93} = {15F5B356-C725-40BC-B8EF-4125EDBF36C5}
		{13E3451D-82D3-4890-9337-1DFFC04A3514} = {15F5B356-C725-40BC-B8EF-4125EDBF36C5}
		{337B1EA6-38E8-41D7-9100-35134A58AFEB} = {15F5B356-C725-40BC-B8EF-4125EDBF36C5}
		{75338BDB-BAA7-4B83-99B8-BDDFEC50F9BA} = {15F5B356-C725-40BC-B8EF-4125EDBF36C5}
		{81031969-86B7-45B7-A66E-17AEBFC5349D} = {15F5B356-C725-40BC-B8EF-4125EDBF36C5}
		{F8E3998E-B2A1-4CDB-9081-CE2307D052E4} = {15F5B356-C725-40BC-B8EF-4125EDBF36C5}
		{7ECDA7DF-49ED-45F3-8F70-7161D04C408F} = {15F5B356-C725-40BC-B8EF-4125EDBF36C5}
		{A507CF58-74CB-47E6-8C5B-825631644DE0} = {15F5B356-C725-40BC-B8EF-4125EDBF36C5}
		{D96C84C7-3899-47FB-B959-F6F423FE8557} = {15F5B356-C725-40BC-B8EF-4125EDBF36C5}
	EndGlobalSection
	GlobalSection(ExtensibilityGlobals) = postSolution
		SolutionGuid = {7CE04DDE-6EC0-4BE1-B628-47171DA91B9A}
	EndGlobalSection
	GlobalSection(SharedMSBuildProjectFiles) = preSolution
		App1\App1.Shared\App1.Shared.projitems*{13e3451d-82d3-4890-9337-1dffc04a3514}*SharedItemsImports = 4
		App1\App1.Shared\App1.Shared.projitems*{337b1ea6-38e8-41d7-9100-35134a58afeb}*SharedItemsImports = 4
		App1\App1.Shared\App1.Shared.projitems*{6279c845-92f8-4333-ab99-3d213163593c}*SharedItemsImports = 13
		App1\App1.Shared\App1.Shared.projitems*{75338bdb-baa7-4b83-99b8-bddfec50f9ba}*SharedItemsImports = 5
		App1\App1.Shared\App1.Shared.projitems*{7ecda7df-49ed-45f3-8f70-7161d04c408f}*SharedItemsImports = 5
		App1\App1.Shared\App1.Shared.projitems*{81031969-86b7-45b7-a66e-17aebfc5349d}*SharedItemsImports = 4
		App1\App1.Shared\App1.Shared.projitems*{88445e7a-dbff-44c3-a824-8bd3727a3f93}*SharedItemsImports = 4
		App1\App1.Shared\App1.Shared.projitems*{a507cf58-74cb-47e6-8c5b-825631644de0}*SharedItemsImports = 5
		App1\App1.Shared\App1.Shared.projitems*{d96c84c7-3899-47fb-b959-f6f423fe8557}*SharedItemsImports = 5
	EndGlobalSection
EndGlobal
